
Microsoft Visual Studio Solution File, Format Version 12.00
# Visual Studio 15
VisualStudioVersion = 15.0.28307.168
MinimumVisualStudioVersion = 10.0.40219.1
Project("{FAE04EC0-301F-11D3-BF4B-00C04F79EFBC}") = "IntergerType", "IntergerType\IntergerType.csproj", "{662F77EB-0F50-4BA0-AC06-28596712D1EE}"
EndProject
Project("{FAE04EC0-301F-11D3-BF4B-00C04F79EFBC}") = "FloatDoubleTypes", "FloatDoubleTypes\FloatDoubleTypes.csproj", "{6579543D-B7ED-43BF-A8DD-B23704EC4210}"
EndProject
Project("{FAE04EC0-301F-11D3-BF4B-00C04F79EFBC}") = "BooleanType", "BooleanType\BooleanType.csproj", "{CB02D6A0-C85C-4B43-B116-5F40BE0BAD78}"
EndProject
Project("{FAE04EC0-301F-11D3-BF4B-00C04F79EFBC}") = "CharType", "CharType\CharType.csproj", "{E563D1FD-3235-4D6E-A5F4-129F72BB5AB7}"
EndProject
Project("{FAE04EC0-301F-11D3-BF4B-00C04F79EFBC}") = "ObjectType", "ObjectType\ObjectType.csproj", "{AA7FCF84-3B42-418B-9E7B-83878CCF2B95}"
EndProject
Project("{FAE04EC0-301F-11D3-BF4B-00C04F79EFBC}") = "NullableType", "NullableType\NullableType.csproj", "{39AB4FB1-B1DE-4693-93AA-8742D447DE09}"
EndProject
Project("{FAE04EC0-301F-11D3-BF4B-00C04F79EFBC}") = "Variable", "Variable\Variable.csproj", "{8D45838F-B2DF-4ACC-9AF0-89F9E14C0A01}"
EndProject
Project("{FAE04EC0-301F-11D3-BF4B-00C04F79EFBC}") = "Literal", "Constant\Literal.csproj", "{07ACC82B-EB84-4AED-BFFB-B0B119EC9540}"
EndProject
Project("{FAE04EC0-301F-11D3-BF4B-00C04F79EFBC}") = "Example", "Example\Example.csproj", "{236AC7AE-E64E-4ABA-87EC-846933778151}"
EndProject
Project("{FAE04EC0-301F-11D3-BF4B-00C04F79EFBC}") = "ExAdjacentElementsProduct", "ExAdjacentElementsProduct\ExAdjacentElementsProduct.csproj", "{E652C6D1-4AF5-4BA9-92E8-290E4A948532}"
EndProject
Project("{FAE04EC0-301F-11D3-BF4B-00C04F79EFBC}") = "ExMakeArrayConsecutive", "ExMakeArrayConsecutive\ExMakeArrayConsecutive.csproj", "{8772A24C-FD2B-4DA3-849C-555AEF08AB95}"
EndProject
Project("{FAE04EC0-301F-11D3-BF4B-00C04F79EFBC}") = "ConvertDataType", "ConvertDataType\ConvertDataType.csproj", "{CD320A42-90DB-4193-8509-A79401A15B87}"
EndProject
Project("{FAE04EC0-301F-11D3-BF4B-00C04F79EFBC}") = "ForLoop", "ForLoop\ForLoop.csproj", "{2B9138E0-1922-422F-8F36-F7AB66FC0FDC}"
EndProject
Project("{FAE04EC0-301F-11D3-BF4B-00C04F79EFBC}") = "While-DoWhileLoop", "While-DoWhileLoop\While-DoWhileLoop.csproj", "{212533BA-AD70-4BAD-913F-2EF57A048258}"
EndProject
Project("{FAE04EC0-301F-11D3-BF4B-00C04F79EFBC}") = "Method", "Method\Method.csproj", "{845B129B-4F32-4C95-8793-7452262D0AD7}"
EndProject
Project("{FAE04EC0-301F-11D3-BF4B-00C04F79EFBC}") = "Array", "Array\Array.csproj", "{3E6A7897-6702-4E49-9B62-125389F8B53F}"
EndProject
Global
	GlobalSection(SolutionConfigurationPlatforms) = preSolution
		Debug|Any CPU = Debug|Any CPU
		Release|Any CPU = Release|Any CPU
	EndGlobalSection
	GlobalSection(ProjectConfigurationPlatforms) = postSolution
		{662F77EB-0F50-4BA0-AC06-28596712D1EE}.Debug|Any CPU.ActiveCfg = Debug|Any CPU
		{662F77EB-0F50-4BA0-AC06-28596712D1EE}.Debug|Any CPU.Build.0 = Debug|Any CPU
		{662F77EB-0F50-4BA0-AC06-28596712D1EE}.Release|Any CPU.ActiveCfg = Release|Any CPU
		{662F77EB-0F50-4BA0-AC06-28596712D1EE}.Release|Any CPU.Build.0 = Release|Any CPU
		{6579543D-B7ED-43BF-A8DD-B23704EC4210}.Debug|Any CPU.ActiveCfg = Debug|Any CPU
		{6579543D-B7ED-43BF-A8DD-B23704EC4210}.Debug|Any CPU.Build.0 = Debug|Any CPU
		{6579543D-B7ED-43BF-A8DD-B23704EC4210}.Release|Any CPU.ActiveCfg = Release|Any CPU
		{6579543D-B7ED-43BF-A8DD-B23704EC4210}.Release|Any CPU.Build.0 = Release|Any CPU
		{CB02D6A0-C85C-4B43-B116-5F40BE0BAD78}.Debug|Any CPU.ActiveCfg = Debug|Any CPU
		{CB02D6A0-C85C-4B43-B116-5F40BE0BAD78}.Debug|Any CPU.Build.0 = Debug|Any CPU
		{CB02D6A0-C85C-4B43-B116-5F40BE0BAD78}.Release|Any CPU.ActiveCfg = Release|Any CPU
		{CB02D6A0-C85C-4B43-B116-5F40BE0BAD78}.Release|Any CPU.Build.0 = Release|Any CPU
		{E563D1FD-3235-4D6E-A5F4-129F72BB5AB7}.Debug|Any CPU.ActiveCfg = Debug|Any CPU
		{E563D1FD-3235-4D6E-A5F4-129F72BB5AB7}.Debug|Any CPU.Build.0 = Debug|Any CPU
		{E563D1FD-3235-4D6E-A5F4-129F72BB5AB7}.Release|Any CPU.ActiveCfg = Release|Any CPU
		{E563D1FD-3235-4D6E-A5F4-129F72BB5AB7}.Release|Any CPU.Build.0 = Release|Any CPU
		{AA7FCF84-3B42-418B-9E7B-83878CCF2B95}.Debug|Any CPU.ActiveCfg = Debug|Any CPU
		{AA7FCF84-3B42-418B-9E7B-83878CCF2B95}.Debug|Any CPU.Build.0 = Debug|Any CPU
		{AA7FCF84-3B42-418B-9E7B-83878CCF2B95}.Release|Any CPU.ActiveCfg = Release|Any CPU
		{AA7FCF84-3B42-418B-9E7B-83878CCF2B95}.Release|Any CPU.Build.0 = Release|Any CPU
		{39AB4FB1-B1DE-4693-93AA-8742D447DE09}.Debug|Any CPU.ActiveCfg = Debug|Any CPU
		{39AB4FB1-B1DE-4693-93AA-8742D447DE09}.Debug|Any CPU.Build.0 = Debug|Any CPU
		{39AB4FB1-B1DE-4693-93AA-8742D447DE09}.Release|Any CPU.ActiveCfg = Release|Any CPU
		{39AB4FB1-B1DE-4693-93AA-8742D447DE09}.Release|Any CPU.Build.0 = Release|Any CPU
		{8D45838F-B2DF-4ACC-9AF0-89F9E14C0A01}.Debug|Any CPU.ActiveCfg = Debug|Any CPU
		{8D45838F-B2DF-4ACC-9AF0-89F9E14C0A01}.Debug|Any CPU.Build.0 = Debug|Any CPU
		{8D45838F-B2DF-4ACC-9AF0-89F9E14C0A01}.Release|Any CPU.ActiveCfg = Release|Any CPU
		{8D45838F-B2DF-4ACC-9AF0-89F9E14C0A01}.Release|Any CPU.Build.0 = Release|Any CPU
		{07ACC82B-EB84-4AED-BFFB-B0B119EC9540}.Debug|Any CPU.ActiveCfg = Debug|Any CPU
		{07ACC82B-EB84-4AED-BFFB-B0B119EC9540}.Debug|Any CPU.Build.0 = Debug|Any CPU
		{07ACC82B-EB84-4AED-BFFB-B0B119EC9540}.Release|Any CPU.ActiveCfg = Release|Any CPU
		{07ACC82B-EB84-4AED-BFFB-B0B119EC9540}.Release|Any CPU.Build.0 = Release|Any CPU
		{236AC7AE-E64E-4ABA-87EC-846933778151}.Debug|Any CPU.ActiveCfg = Debug|Any CPU
		{236AC7AE-E64E-4ABA-87EC-846933778151}.Debug|Any CPU.Build.0 = Debug|Any CPU
		{236AC7AE-E64E-4ABA-87EC-846933778151}.Release|Any CPU.ActiveCfg = Release|Any CPU
		{236AC7AE-E64E-4ABA-87EC-846933778151}.Release|Any CPU.Build.0 = Release|Any CPU
		{E652C6D1-4AF5-4BA9-92E8-290E4A948532}.Debug|Any CPU.ActiveCfg = Debug|Any CPU
		{E652C6D1-4AF5-4BA9-92E8-290E4A948532}.Debug|Any CPU.Build.0 = Debug|Any CPU
		{E652C6D1-4AF5-4BA9-92E8-290E4A948532}.Release|Any CPU.ActiveCfg = Release|Any CPU
		{E652C6D1-4AF5-4BA9-92E8-290E4A948532}.Release|Any CPU.Build.0 = Release|Any CPU
		{8772A24C-FD2B-4DA3-849C-555AEF08AB95}.Debug|Any CPU.ActiveCfg = Debug|Any CPU
		{8772A24C-FD2B-4DA3-849C-555AEF08AB95}.Debug|Any CPU.Build.0 = Debug|Any CPU
		{8772A24C-FD2B-4DA3-849C-555AEF08AB95}.Release|Any CPU.ActiveCfg = Release|Any CPU
		{8772A24C-FD2B-4DA3-849C-555AEF08AB95}.Release|Any CPU.Build.0 = Release|Any CPU
		{CD320A42-90DB-4193-8509-A79401A15B87}.Debug|Any CPU.ActiveCfg = Debug|Any CPU
		{CD320A42-90DB-4193-8509-A79401A15B87}.Debug|Any CPU.Build.0 = Debug|Any CPU
		{CD320A42-90DB-4193-8509-A79401A15B87}.Release|Any CPU.ActiveCfg = Release|Any CPU
		{CD320A42-90DB-4193-8509-A79401A15B87}.Release|Any CPU.Build.0 = Release|Any CPU
		{2B9138E0-1922-422F-8F36-F7AB66FC0FDC}.Debug|Any CPU.ActiveCfg = Debug|Any CPU
		{2B9138E0-1922-422F-8F36-F7AB66FC0FDC}.Debug|Any CPU.Build.0 = Debug|Any CPU
		{2B9138E0-1922-422F-8F36-F7AB66FC0FDC}.Release|Any CPU.ActiveCfg = Release|Any CPU
		{2B9138E0-1922-422F-8F36-F7AB66FC0FDC}.Release|Any CPU.Build.0 = Release|Any CPU
		{212533BA-AD70-4BAD-913F-2EF57A048258}.Debug|Any CPU.ActiveCfg = Debug|Any CPU
		{212533BA-AD70-4BAD-913F-2EF57A048258}.Debug|Any CPU.Build.0 = Debug|Any CPU
		{212533BA-AD70-4BAD-913F-2EF57A048258}.Release|Any CPU.ActiveCfg = Release|Any CPU
		{212533BA-AD70-4BAD-913F-2EF57A048258}.Release|Any CPU.Build.0 = Release|Any CPU
		{845B129B-4F32-4C95-8793-7452262D0AD7}.Debug|Any CPU.ActiveCfg = Debug|Any CPU
		{845B129B-4F32-4C95-8793-7452262D0AD7}.Debug|Any CPU.Build.0 = Debug|Any CPU
		{845B129B-4F32-4C95-8793-7452262D0AD7}.Release|Any CPU.ActiveCfg = Release|Any CPU
		{845B129B-4F32-4C95-8793-7452262D0AD7}.Release|Any CPU.Build.0 = Release|Any CPU
		{3E6A7897-6702-4E49-9B62-125389F8B53F}.Debug|Any CPU.ActiveCfg = Debug|Any CPU
		{3E6A7897-6702-4E49-9B62-125389F8B53F}.Debug|Any CPU.Build.0 = Debug|Any CPU
		{3E6A7897-6702-4E49-9B62-125389F8B53F}.Release|Any CPU.ActiveCfg = Release|Any CPU
		{3E6A7897-6702-4E49-9B62-125389F8B53F}.Release|Any CPU.Build.0 = Release|Any CPU
	EndGlobalSection
	GlobalSection(SolutionProperties) = preSolution
		HideSolutionNode = FALSE
	EndGlobalSection
	GlobalSection(ExtensibilityGlobals) = postSolution
		SolutionGuid = {C95300D4-7BB7-408E-B7B4-93EC49F07E61}
	EndGlobalSection
EndGlobal
